
Microsoft Visual Studio Solution File, Format Version 12.00
# Visual Studio Version 17
VisualStudioVersion = 17.3.32929.385
MinimumVisualStudioVersion = 10.0.40219.1
Project("{FAE04EC0-301F-11D3-BF4B-00C04F79EFBC}") = "uppsamlingsdagarna", "uppsamlingsdagarna.csproj", "{2FC63C58-5115-4007-B6C0-25A8F8A0F0D3}"
EndProject
Global
	GlobalSection(SolutionConfigurationPlatforms) = preSolution
		Debug|Any CPU = Debug|Any CPU
		Release|Any CPU = Release|Any CPU
	EndGlobalSection
	GlobalSection(ProjectConfigurationPlatforms) = postSolution
		{2FC63C58-5115-4007-B6C0-25A8F8A0F0D3}.Debug|Any CPU.ActiveCfg = Debug|Any CPU
		{2FC63C58-5115-4007-B6C0-25A8F8A0F0D3}.Debug|Any CPU.Build.0 = Debug|Any CPU
		{2FC63C58-5115-4007-B6C0-25A8F8A0F0D3}.Release|Any CPU.ActiveCfg = Release|Any CPU
		{2FC63C58-5115-4007-B6C0-25A8F8A0F0D3}.Release|Any CPU.Build.0 = Release|Any CPU
	EndGlobalSection
	GlobalSection(SolutionProperties) = preSolution
		HideSolutionNode = FALSE
	EndGlobalSection
	GlobalSection(ExtensibilityGlobals) = postSolution
		SolutionGuid = {1915F65B-CBEA-493B-B058-4E3986448571}
	EndGlobalSection
EndGlobal
